
Microsoft Visual Studio Solution File, Format Version 12.00
# Visual Studio Version 16
VisualStudioVersion = 16.0.31005.135
MinimumVisualStudioVersion = 10.0.40219.1
Project("{FAE04EC0-301F-11D3-BF4B-00C04F79EFBC}") = "VINparser", "VINparser.csproj", "{C3E79765-9009-4283-8209-554D52C84DF8}"
EndProject
Global
	GlobalSection(SolutionConfigurationPlatforms) = preSolution
		Debug|Any CPU = Debug|Any CPU
		Release|Any CPU = Release|Any CPU
	EndGlobalSection
	GlobalSection(ProjectConfigurationPlatforms) = postSolution
		{C3E79765-9009-4283-8209-554D52C84DF8}.Debug|Any CPU.ActiveCfg = Debug|Any CPU
		{C3E79765-9009-4283-8209-554D52C84DF8}.Debug|Any CPU.Build.0 = Debug|Any CPU
		{C3E79765-9009-4283-8209-554D52C84DF8}.Release|Any CPU.ActiveCfg = Release|Any CPU
		{C3E79765-9009-4283-8209-554D52C84DF8}.Release|Any CPU.Build.0 = Release|Any CPU
	EndGlobalSection
	GlobalSection(SolutionProperties) = preSolution
		HideSolutionNode = FALSE
	EndGlobalSection
	GlobalSection(ExtensibilityGlobals) = postSolution
		SolutionGuid = {AA1FC538-FC95-4BAB-A3BD-CFE6080E7A6C}
	EndGlobalSection
EndGlobal
